uuid: 01b449aa-8aba-43c4-a89c-7ba282c6a795
langcode: en
status: true
dependencies:
  module:
    - block_content
    - field_permissions
    - node
third_party_settings:
  field_permissions:
    permission_type: public
id: node.field_contact_section_block
field_name: field_contact_section_block
entity_type: node
type: entity_reference
settings:
  target_type: block_content
module: core
locked: false
cardinality: 1
translatable: true
indexes: {  }
persist_with_no_fields: false
custom_storage: false
