uuid: cef5b1e3-55d8-4426-b9b2-fb9cbd921489
langcode: en
status: true
dependencies:
  config:
    - block_content.type.contact_medium
    - block_content.type.contact_section
    - block_content.type.contact_small
    - field.storage.node.field_contact_section_block
    - node.type.about_page
id: node.about_page.field_contact_section_block
field_name: field_contact_section_block
entity_type: node
bundle: about_page
label: Contact
description: ''
required: false
translatable: true
default_value: {  }
default_value_callback: ''
settings:
  handler: 'default:block_content'
  handler_settings:
    target_bundles:
      contact_small: contact_small
      contact_medium: contact_medium
      contact_section: contact_section
    sort:
      field: _none
    auto_create: false
    auto_create_bundle: contact_small
field_type: entity_reference
