uuid: b744011a-d881-464d-9a56-894acd744679
langcode: en
status: true
dependencies:
  module:
    - block_content
    - field_permissions
    - group
third_party_settings:
  field_permissions:
    permission_type: public
id: group.field_contact_block
field_name: field_contact_block
entity_type: group
type: entity_reference
settings:
  target_type: block_content
module: core
locked: false
cardinality: 1
translatable: true
indexes: {  }
persist_with_no_fields: false
custom_storage: false
